// !$*UTF8*$!
{
	archiveVersion = 1;
	classes = {
	};
	objectVersion = 51;
	objects = {

/* Begin PBXBuildFile section */
		6F2B5FF62412C644003DE6D9 /* ContatoTableViewCell.swift in Sources */ = {isa = PBXBuildFile; fileRef = 6F2B5FF52412C644003DE6D9 /* ContatoTableViewCell.swift */; };
		6F2B5FF82412C7B9003DE6D9 /* ContatosViewController.swift in Sources */ = {isa = PBXBuildFile; fileRef = 6F2B5FF72412C7B9003DE6D9 /* ContatosViewController.swift */; };
		6F52F0FD240090CA008B0AD3 /* AjustesViewController.swift in Sources */ = {isa = PBXBuildFile; fileRef = 6F52F0FC240090CA008B0AD3 /* AjustesViewController.swift */; };
		6F970A6B23FF1D98003C4062 /* AppDelegate.swift in Sources */ = {isa = PBXBuildFile; fileRef = 6F970A6A23FF1D98003C4062 /* AppDelegate.swift */; };
		6F970A6D23FF1D98003C4062 /* SceneDelegate.swift in Sources */ = {isa = PBXBuildFile; fileRef = 6F970A6C23FF1D98003C4062 /* SceneDelegate.swift */; };
		6F970A7223FF1D98003C4062 /* Main.storyboard in Resources */ = {isa = PBXBuildFile; fileRef = 6F970A7023FF1D98003C4062 /* Main.storyboard */; };
		6F970A7423FF1D9A003C4062 /* Assets.xcassets in Resources */ = {isa = PBXBuildFile; fileRef = 6F970A7323FF1D9A003C4062 /* Assets.xcassets */; };
		6F970A7723FF1D9A003C4062 /* LaunchScreen.storyboard in Resources */ = {isa = PBXBuildFile; fileRef = 6F970A7523FF1D9A003C4062 /* LaunchScreen.storyboard */; };
		6F970A7F23FF1E6B003C4062 /* GoogleService-Info.plist in Resources */ = {isa = PBXBuildFile; fileRef = 6F970A7E23FF1E6B003C4062 /* GoogleService-Info.plist */; };
		6F970A8323FF4012003C4062 /* LoginViewController.swift in Sources */ = {isa = PBXBuildFile; fileRef = 6F970A8223FF4012003C4062 /* LoginViewController.swift */; };
		6F970A8523FF4022003C4062 /* CadastroViewController.swift in Sources */ = {isa = PBXBuildFile; fileRef = 6F970A8423FF4022003C4062 /* CadastroViewController.swift */; };
		CB6A81B1760A548452230D68 /* Pods_WhatsApp.framework in Frameworks */ = {isa = PBXBuildFile; fileRef = F21E5B40CA07F29B944DABD9 /* Pods_WhatsApp.framework */; };
/* End PBXBuildFile section */

/* Begin PBXFileReference section */
		6F2B5FF52412C644003DE6D9 /* ContatoTableViewCell.swift */ = {isa = PBXFileReference; lastKnownFileType = sourcecode.swift; path = ContatoTableViewCell.swift; sourceTree = "<group>"; };
		6F2B5FF72412C7B9003DE6D9 /* ContatosViewController.swift */ = {isa = PBXFileReference; lastKnownFileType = sourcecode.swift; path = ContatosViewController.swift; sourceTree = "<group>"; };
		6F52F0FC240090CA008B0AD3 /* AjustesViewController.swift */ = {isa = PBXFileReference; lastKnownFileType = sourcecode.swift; path = AjustesViewController.swift; sourceTree = "<group>"; };
		6F970A6723FF1D98003C4062 /* WhatsApp.app */ = {isa = PBXFileReference; explicitFileType = wrapper.application; includeInIndex = 0; path = WhatsApp.app; sourceTree = BUILT_PRODUCTS_DIR; };
		6F970A6A23FF1D98003C4062 /* AppDelegate.swift */ = {isa = PBXFileReference; lastKnownFileType = sourcecode.swift; path = AppDelegate.swift; sourceTree = "<group>"; };
		6F970A6C23FF1D98003C4062 /* SceneDelegate.swift */ = {isa = PBXFileReference; lastKnownFileType = sourcecode.swift; path = SceneDelegate.swift; sourceTree = "<group>"; };
		6F970A7123FF1D98003C4062 /* Base */ = {isa = PBXFileReference; lastKnownFileType = file.storyboard; name = Base; path = Base.lproj/Main.storyboard; sourceTree = "<group>"; };
		6F970A7323FF1D9A003C4062 /* Assets.xcassets */ = {isa = PBXFileReference; lastKnownFileType = folder.assetcatalog; path = Assets.xcassets; sourceTree = "<group>"; };
		6F970A7623FF1D9A003C4062 /* Base */ = {isa = PBXFileReference; lastKnownFileType = file.storyboard; name = Base; path = Base.lproj/LaunchScreen.storyboard; sourceTree = "<group>"; };
		6F970A7823FF1D9A003C4062 /* Info.plist */ = {isa = PBXFileReference; lastKnownFileType = text.plist.xml; path = Info.plist; sourceTree = "<group>"; };
		6F970A7E23FF1E6B003C4062 /* GoogleService-Info.plist */ = {isa = PBXFileReference; lastKnownFileType = text.plist; path = "GoogleService-Info.plist"; sourceTree = SOURCE_ROOT; };
		6F970A8223FF4012003C4062 /* LoginViewController.swift */ = {isa = PBXFileReference; lastKnownFileType = sourcecode.swift; path = LoginViewController.swift; sourceTree = "<group>"; };
		6F970A8423FF4022003C4062 /* CadastroViewController.swift */ = {isa = PBXFileReference; lastKnownFileType = sourcecode.swift; path = CadastroViewController.swift; sourceTree = "<group>"; };
		BE363B59BFE509ABC556BF39 /* Pods-WhatsApp.release.xcconfig */ = {isa = PBXFileReference; includeInIndex = 1; lastKnownFileType = text.xcconfig; name = "Pods-WhatsApp.release.xcconfig"; path = "Target Support Files/Pods-WhatsApp/Pods-WhatsApp.release.xcconfig"; sourceTree = "<group>"; };
		ED2E21DCC7C0EEB51E696AC0 /* Pods-WhatsApp.debug.xcconfig */ = {isa = PBXFileReference; includeInIndex = 1; lastKnownFileType = text.xcconfig; name = "Pods-WhatsApp.debug.xcconfig"; path = "Target Support Files/Pods-WhatsApp/Pods-WhatsApp.debug.xcconfig"; sourceTree = "<group>"; };
		F21E5B40CA07F29B944DABD9 /* Pods_WhatsApp.framework */ = {isa = PBXFileReference; explicitFileType = wrapper.framework; includeInIndex = 0; path = Pods_WhatsApp.framework; sourceTree = BUILT_PRODUCTS_DIR; };
/* End PBXFileReference section */

/* Begin PBXFrameworksBuildPhase section */
		6F970A6423FF1D98003C4062 /* Frameworks */ = {
			isa = PBXFrameworksBuildPhase;
			buildActionMask = 2147483647;
			files = (
				CB6A81B1760A548452230D68 /* Pods_WhatsApp.framework in Frameworks */,
			);
			runOnlyForDeploymentPostprocessing = 0;
		};
/* End PBXFrameworksBuildPhase section */

/* Begin PBXGroup section */
		6F2B5FF42412C61E003DE6D9 /* TableViewCell */ = {
			isa = PBXGroup;
			children = (
				6F2B5FF52412C644003DE6D9 /* ContatoTableViewCell.swift */,
			);
			path = TableViewCell;
			sourceTree = "<group>";
		};
		6F52F0FB240090B5008B0AD3 /* Tabs */ = {
			isa = PBXGroup;
			children = (
				6F52F0FC240090CA008B0AD3 /* AjustesViewController.swift */,
				6F2B5FF72412C7B9003DE6D9 /* ContatosViewController.swift */,
			);
			path = Tabs;
			sourceTree = "<group>";
		};
		6F970A5E23FF1D98003C4062 = {
			isa = PBXGroup;
			children = (
				6F970A6923FF1D98003C4062 /* WhatsApp */,
				6F970A6823FF1D98003C4062 /* Products */,
				759740C774C3169A984BB7F0 /* Pods */,
				C304EF252ED240ADC85FA68D /* Frameworks */,
			);
			sourceTree = "<group>";
		};
		6F970A6823FF1D98003C4062 /* Products */ = {
			isa = PBXGroup;
			children = (
				6F970A6723FF1D98003C4062 /* WhatsApp.app */,
			);
			name = Products;
			sourceTree = "<group>";
		};
		6F970A6923FF1D98003C4062 /* WhatsApp */ = {
			isa = PBXGroup;
			children = (
				6F2B5FF42412C61E003DE6D9 /* TableViewCell */,
				6F970A8123FF3FB5003C4062 /* Models */,
				6F970A8023FF3FAD003C4062 /* ViewController */,
				6F970A6A23FF1D98003C4062 /* AppDelegate.swift */,
				6F970A6C23FF1D98003C4062 /* SceneDelegate.swift */,
				6F970A7023FF1D98003C4062 /* Main.storyboard */,
				6F970A7323FF1D9A003C4062 /* Assets.xcassets */,
				6F970A7523FF1D9A003C4062 /* LaunchScreen.storyboard */,
				6F970A7823FF1D9A003C4062 /* Info.plist */,
				6F970A7E23FF1E6B003C4062 /* GoogleService-Info.plist */,
			);
			path = WhatsApp;
			sourceTree = "<group>";
		};
		6F970A8023FF3FAD003C4062 /* ViewController */ = {
			isa = PBXGroup;
			children = (
				6F52F0FB240090B5008B0AD3 /* Tabs */,
				6F970A8223FF4012003C4062 /* LoginViewController.swift */,
				6F970A8423FF4022003C4062 /* CadastroViewController.swift */,
			);
			path = ViewController;
			sourceTree = "<group>";
		};
		6F970A8123FF3FB5003C4062 /* Models */ = {
			isa = PBXGroup;
			children = (
			);
			path = Models;
			sourceTree = "<group>";
		};
		759740C774C3169A984BB7F0 /* Pods */ = {
			isa = PBXGroup;
			children = (
				ED2E21DCC7C0EEB51E696AC0 /* Pods-WhatsApp.debug.xcconfig */,
				BE363B59BFE509ABC556BF39 /* Pods-WhatsApp.release.xcconfig */,
			);
			path = Pods;
			sourceTree = "<group>";
		};
		C304EF252ED240ADC85FA68D /* Frameworks */ = {
			isa = PBXGroup;
			children = (
				F21E5B40CA07F29B944DABD9 /* Pods_WhatsApp.framework */,
			);
			name = Frameworks;
			sourceTree = "<group>";
		};
/* End PBXGroup section */

/* Begin PBXNativeTarget section */
		6F970A6623FF1D98003C4062 /* WhatsApp */ = {
			isa = PBXNativeTarget;
			buildConfigurationList = 6F970A7B23FF1D9A003C4062 /* Build configuration list for PBXNativeTarget "WhatsApp" */;
			buildPhases = (
				61F1E7BC288CDD8EC3D1B975 /* [CP] Check Pods Manifest.lock */,
				6F970A6323FF1D98003C4062 /* Sources */,
				6F970A6423FF1D98003C4062 /* Frameworks */,
				6F970A6523FF1D98003C4062 /* Resources */,
				2221BFFA37AD9787A866C477 /* [CP] Embed Pods Frameworks */,
			);
			buildRules = (
			);
			dependencies = (
			);
			name = WhatsApp;
			productName = WhatsApp;
			productReference = 6F970A6723FF1D98003C4062 /* WhatsApp.app */;
			productType = "com.apple.product-type.application";
		};
/* End PBXNativeTarget section */

/* Begin PBXProject section */
		6F970A5F23FF1D98003C4062 /* Project object */ = {
			isa = PBXProject;
			attributes = {
				LastSwiftUpdateCheck = 1130;
				LastUpgradeCheck = 1130;
				ORGANIZATIONNAME = "Guilherme Magnabosco";
				TargetAttributes = {
					6F970A6623FF1D98003C4062 = {
						CreatedOnToolsVersion = 11.3;
					};
				};
			};
			buildConfigurationList = 6F970A6223FF1D98003C4062 /* Build configuration list for PBXProject "WhatsApp" */;
			compatibilityVersion = "Xcode 9.3";
			developmentRegion = en;
			hasScannedForEncodings = 0;
			knownRegions = (
				en,
				Base,
			);
			mainGroup = 6F970A5E23FF1D98003C4062;
			productRefGroup = 6F970A6823FF1D98003C4062 /* Products */;
			projectDirPath = "";
			projectRoot = "";
			targets = (
				6F970A6623FF1D98003C4062 /* WhatsApp */,
			);
		};
/* End PBXProject section */

/* Begin PBXResourcesBuildPhase section */
		6F970A6523FF1D98003C4062 /* Resources */ = {
			isa = PBXResourcesBuildPhase;
			buildActionMask = 2147483647;
			files = (
				6F970A7723FF1D9A003C4062 /* LaunchScreen.storyboard in Resources */,
				6F970A7F23FF1E6B003C4062 /* GoogleService-Info.plist in Resources */,
				6F970A7423FF1D9A003C4062 /* Assets.xcassets in Resources */,
				6F970A7223FF1D98003C4062 /* Main.storyboard in Resources */,
			);
			runOnlyForDeploymentPostprocessing = 0;
		};
/* End PBXResourcesBuildPhase section */

/* Begin PBXShellScriptBuildPhase section */
		2221BFFA37AD9787A866C477 /* [CP] Embed Pods Frameworks */ = {
			isa = PBXShellScriptBuildPhase;
			buildActionMask = 2147483647;
			files = (
			);
			inputFileListPaths = (
				"${PODS_ROOT}/Target Support Files/Pods-WhatsApp/Pods-WhatsApp-frameworks-${CONFIGURATION}-input-files.xcfilelist",
			);
			name = "[CP] Embed Pods Frameworks";
			outputFileListPaths = (
				"${PODS_ROOT}/Target Support Files/Pods-WhatsApp/Pods-WhatsApp-frameworks-${CONFIGURATION}-output-files.xcfilelist",
			);
			runOnlyForDeploymentPostprocessing = 0;
			shellPath = /bin/sh;
			shellScript = "\"${PODS_ROOT}/Target Support Files/Pods-WhatsApp/Pods-WhatsApp-frameworks.sh\"\n";
			showEnvVarsInLog = 0;
		};
		61F1E7BC288CDD8EC3D1B975 /* [CP] Check Pods Manifest.lock */ = {
			isa = PBXShellScriptBuildPhase;
			buildActionMask = 2147483647;
			files = (
			);
			inputFileListPaths = (
			);
			inputPaths = (
				"${PODS_PODFILE_DIR_PATH}/Podfile.lock",
				"${PODS_ROOT}/Manifest.lock",
			);
			name = "[CP] Check Pods Manifest.lock";
			outputFileListPaths = (
			);
			outputPaths = (
				"$(DERIVED_FILE_DIR)/Pods-WhatsApp-checkManifestLockResult.txt",
			);
			runOnlyForDeploymentPostprocessing = 0;
			shellPath = /bin/sh;
			shellScript = "diff \"${PODS_PODFILE_DIR_PATH}/Podfile.lock\" \"${PODS_ROOT}/Manifest.lock\" > /dev/null\nif [ $? != 0 ] ; then\n    # print error to STDERR\n    echo \"error: The sandbox is not in sync with the Podfile.lock. Run 'pod install' or update your CocoaPods installation.\" >&2\n    exit 1\nfi\n# This output is used by Xcode 'outputs' to avoid re-running this script phase.\necho \"SUCCESS\" > \"${SCRIPT_OUTPUT_FILE_0}\"\n";
			showEnvVarsInLog = 0;
		};
/* End PBXShellScriptBuildPhase section */

/* Begin PBXSourcesBuildPhase section */
		6F970A6323FF1D98003C4062 /* Sources */ = {
			isa = PBXSourcesBuildPhase;
			buildActionMask = 2147483647;
			files = (
				6F2B5FF62412C644003DE6D9 /* ContatoTableViewCell.swift in Sources */,
				6F2B5FF82412C7B9003DE6D9 /* ContatosViewController.swift in Sources */,
				6F970A8323FF4012003C4062 /* LoginViewController.swift in Sources */,
				6F52F0FD240090CA008B0AD3 /* AjustesViewController.swift in Sources */,
				6F970A6B23FF1D98003C4062 /* AppDelegate.swift in Sources */,
				6F970A6D23FF1D98003C4062 /* SceneDelegate.swift in Sources */,
				6F970A8523FF4022003C4062 /* CadastroViewController.swift in Sources */,
			);
			runOnlyForDeploymentPostprocessing = 0;
		};
/* End PBXSourcesBuildPhase section */

/* Begin PBXVariantGroup section */
		6F970A7023FF1D98003C4062 /* Main.storyboard */ = {
			isa = PBXVariantGroup;
			children = (
				6F970A7123FF1D98003C4062 /* Base */,
			);
			name = Main.storyboard;
			sourceTree = "<group>";
		};
		6F970A7523FF1D9A003C4062 /* LaunchScreen.storyboard */ = {
			isa = PBXVariantGroup;
			children = (
				6F970A7623FF1D9A003C4062 /* Base */,
			);
			name = LaunchScreen.storyboard;
			sourceTree = "<group>";
		};
/* End PBXVariantGroup section */

/* Begin XCBuildConfiguration section */
		6F970A7923FF1D9A003C4062 /* Debug */ = {
			isa = XCBuildConfiguration;
			buildSettings = {
				ALWAYS_SEARCH_USER_PATHS = NO;
				CLANG_ANALYZER_NONNULL = YES;
				CLANG_ANALYZER_NUMBER_OBJECT_CONVERSION = YES_AGGRESSIVE;
				CLANG_CXX_LANGUAGE_STANDARD = "gnu++14";
				CLANG_CXX_LIBRARY = "libc++";
				CLANG_ENABLE_MODULES = YES;
				CLANG_ENABLE_OBJC_ARC = YES;
				CLANG_ENABLE_OBJC_WEAK = YES;
				CLANG_WARN_BLOCK_CAPTURE_AUTORELEASING = YES;
				CLANG_WARN_BOOL_CONVERSION = YES;
				CLANG_WARN_COMMA = YES;
				CLANG_WARN_CONSTANT_CONVERSION = YES;
				CLANG_WARN_DEPRECATED_OBJC_IMPLEMENTATIONS = YES;
				CLANG_WARN_DIRECT_OBJC_ISA_USAGE = YES_ERROR;
				CLANG_WARN_DOCUMENTATION_COMMENTS = YES;
				CLANG_WARN_EMPTY_BODY = YES;
				CLANG_WARN_ENUM_CONVERSION = YES;
				CLANG_WARN_INFINITE_RECURSION = YES;
				CLANG_WARN_INT_CONVERSION = YES;
				CLANG_WARN_NON_LITERAL_NULL_CONVERSION = YES;
				CLANG_WARN_OBJC_IMPLICIT_RETAIN_SELF = YES;
				CLANG_WARN_OBJC_LITERAL_CONVERSION = YES;
				CLANG_WARN_OBJC_ROOT_CLASS = YES_ERROR;
				CLANG_WARN_RANGE_LOOP_ANALYSIS = YES;
				CLANG_WARN_STRICT_PROTOTYPES = YES;
				CLANG_WARN_SUSPICIOUS_MOVE = YES;
				CLANG_WARN_UNGUARDED_AVAILABILITY = YES_AGGRESSIVE;
				CLANG_WARN_UNREACHABLE_CODE = YES;
				CLANG_WARN__DUPLICATE_METHOD_MATCH = YES;
				COPY_PHASE_STRIP = NO;
				DEBUG_INFORMATION_FORMAT = dwarf;
				ENABLE_STRICT_OBJC_MSGSEND = YES;
				ENABLE_TESTABILITY = YES;
				GCC_C_LANGUAGE_STANDARD = gnu11;
				GCC_DYNAMIC_NO_PIC = NO;
				GCC_NO_COMMON_BLOCKS = YES;
				GCC_OPTIMIZATION_LEVEL = 0;
				GCC_PREPROCESSOR_DEFINITIONS = (
					"DEBUG=1",
					"$(inherited)",
				);
				GCC_WARN_64_TO_32_BIT_CONVERSION = YES;
				GCC_WARN_ABOUT_RETURN_TYPE = YES_ERROR;
				GCC_WARN_UNDECLARED_SELECTOR = YES;
				GCC_WARN_UNINITIALIZED_AUTOS = YES_AGGRESSIVE;
				GCC_WARN_UNUSED_FUNCTION = YES;
				GCC_WARN_UNUSED_VARIABLE = YES;
				IPHONEOS_DEPLOYMENT_TARGET = 13.2;
				MTL_ENABLE_DEBUG_INFO = INCLUDE_SOURCE;
				MTL_FAST_MATH = YES;
				ONLY_ACTIVE_ARCH = YES;
				SDKROOT = iphoneos;
				SWIFT_ACTIVE_COMPILATION_CONDITIONS = DEBUG;
				SWIFT_OPTIMIZATION_LEVEL = "-Onone";
			};
			name = Debug;
		};
		6F970A7A23FF1D9A003C4062 /* Release */ = {
			isa = XCBuildConfiguration;
			buildSettings = {
				ALWAYS_SEARCH_USER_PATHS = NO;
				CLANG_ANALYZER_NONNULL = YES;
				CLANG_ANALYZER_NUMBER_OBJECT_CONVERSION = YES_AGGRESSIVE;
				CLANG_CXX_LANGUAGE_STANDARD = "gnu++14";
				CLANG_CXX_LIBRARY = "libc++";
				CLANG_ENABLE_MODULES = YES;
				CLANG_ENABLE_OBJC_ARC = YES;
				CLANG_ENABLE_OBJC_WEAK = YES;
				CLANG_WARN_BLOCK_CAPTURE_AUTORELEASING = YES;
				CLANG_WARN_BOOL_CONVERSION = YES;
				CLANG_WARN_COMMA = YES;
				CLANG_WARN_CONSTANT_CONVERSION = YES;
				CLANG_WARN_DEPRECATED_OBJC_IMPLEMENTATIONS = YES;
				CLANG_WARN_DIRECT_OBJC_ISA_USAGE = YES_ERROR;
				CLANG_WARN_DOCUMENTATION_COMMENTS = YES;
				CLANG_WARN_EMPTY_BODY = YES;
				CLANG_WARN_ENUM_CONVERSION = YES;
				CLANG_WARN_INFINITE_RECURSION = YES;
				CLANG_WARN_INT_CONVERSION = YES;
				CLANG_WARN_NON_LITERAL_NULL_CONVERSION = YES;
				CLANG_WARN_OBJC_IMPLICIT_RETAIN_SELF = YES;
				CLANG_WARN_OBJC_LITERAL_CONVERSION = YES;
				CLANG_WARN_OBJC_ROOT_CLASS = YES_ERROR;
				CLANG_WARN_RANGE_LOOP_ANALYSIS = YES;
				CLANG_WARN_STRICT_PROTOTYPES = YES;
				CLANG_WARN_SUSPICIOUS_MOVE = YES;
				CLANG_WARN_UNGUARDED_AVAILABILITY = YES_AGGRESSIVE;
				CLANG_WARN_UNREACHABLE_CODE = YES;
				CLANG_WARN__DUPLICATE_METHOD_MATCH = YES;
				COPY_PHASE_STRIP = NO;
				DEBUG_INFORMATION_FORMAT = "dwarf-with-dsym";
				ENABLE_NS_ASSERTIONS = NO;
				ENABLE_STRICT_OBJC_MSGSEND = YES;
				GCC_C_LANGUAGE_STANDARD = gnu11;
				GCC_NO_COMMON_BLOCKS = YES;
				GCC_WARN_64_TO_32_BIT_CONVERSION = YES;
				GCC_WARN_ABOUT_RETURN_TYPE = YES_ERROR;
				GCC_WARN_UNDECLARED_SELECTOR = YES;
				GCC_WARN_UNINITIALIZED_AUTOS = YES_AGGRESSIVE;
				GCC_WARN_UNUSED_FUNCTION = YES;
				GCC_WARN_UNUSED_VARIABLE = YES;
				IPHONEOS_DEPLOYMENT_TARGET = 13.2;
				MTL_ENABLE_DEBUG_INFO = NO;
				MTL_FAST_MATH = YES;
				SDKROOT = iphoneos;
				SWIFT_COMPILATION_MODE = wholemodule;
				SWIFT_OPTIMIZATION_LEVEL = "-O";
				VALIDATE_PRODUCT = YES;
			};
			name = Release;
		};
		6F970A7C23FF1D9A003C4062 /* Debug */ = {
			isa = XCBuildConfiguration;
			baseConfigurationReference = ED2E21DCC7C0EEB51E696AC0 /* Pods-WhatsApp.debug.xcconfig */;
			buildSettings = {
				ASSETCATALOG_COMPILER_APPICON_NAME = AppIcon;
				CODE_SIGN_STYLE = Automatic;
				DEVELOPMENT_TEAM = A4KG9J9DCQ;
				INFOPLIST_FILE = WhatsApp/Info.plist;
				LD_RUNPATH_SEARCH_PATHS = (
					"$(inherited)",
					"@executable_path/Frameworks",
				);
				PRODUCT_BUNDLE_IDENTIFIER = "Guilherme-Magnabosco.WhatsApp";
				PRODUCT_NAME = "$(TARGET_NAME)";
				SWIFT_VERSION = 5.0;
				TARGETED_DEVICE_FAMILY = "1,2";
			};
			name = Debug;
		};
		6F970A7D23FF1D9A003C4062 /* Release */ = {
			isa = XCBuildConfiguration;
			baseConfigurationReference = BE363B59BFE509ABC556BF39 /* Pods-WhatsApp.release.xcconfig */;
			buildSettings = {
				ASSETCATALOG_COMPILER_APPICON_NAME = AppIcon;
				CODE_SIGN_STYLE = Automatic;
				DEVELOPMENT_TEAM = A4KG9J9DCQ;
				INFOPLIST_FILE = WhatsApp/Info.plist;
				LD_RUNPATH_SEARCH_PATHS = (
					"$(inherited)",
					"@executable_path/Frameworks",
				);
				PRODUCT_BUNDLE_IDENTIFIER = "Guilherme-Magnabosco.WhatsApp";
				PRODUCT_NAME = "$(TARGET_NAME)";
				SWIFT_VERSION = 5.0;
				TARGETED_DEVICE_FAMILY = "1,2";
			};
			name = Release;
		};
/* End XCBuildConfiguration section */

/* Begin XCConfigurationList section */
		6F970A6223FF1D98003C4062 /* Build configuration list for PBXProject "WhatsApp" */ = {
			isa = XCConfigurationList;
			buildConfigurations = (
				6F970A7923FF1D9A003C4062 /* Debug */,
				6F970A7A23FF1D9A003C4062 /* Release */,
			);
			defaultConfigurationIsVisible = 0;
			defaultConfigurationName = Release;
		};
		6F970A7B23FF1D9A003C4062 /* Build configuration list for PBXNativeTarget "WhatsApp" */ = {
			isa = XCConfigurationList;
			buildConfigurations = (
				6F970A7C23FF1D9A003C4062 /* Debug */,
				6F970A7D23FF1D9A003C4062 /* Release */,
			);
			defaultConfigurationIsVisible = 0;
			defaultConfigurationName = Release;
		};
/* End XCConfigurationList section */
	};
	rootObject = 6F970A5F23FF1D98003C4062 /* Project object */;
}
